<?xml version="1.0" encoding="utf-8"?>
<Project ToolsVersion="4.0" xmlns="http://schemas.microsoft.com/developer/msbuild/2003">
  <ItemGroup>
    <Filter Include="DirectX 10 Wrapper">
      <UniqueIdentifier>{93995380-89BD-4b04-88EB-625FBE52EBFB}</UniqueIdentifier>
      <Extensions>
      </Extensions>
    </Filter>
    <Filter Include="DirectX 10 Wrapper\Headers">
      <UniqueIdentifier>{8878c0d8-192f-4009-81f2-c11f0bce18af}</UniqueIdentifier>
      <Extensions>h;hpp;hxx;hm;inl;inc;xsd</Extensions>
    </Filter>
    <Filter Include="DirectX 10 Wrapper\Source">
      <UniqueIdentifier>{352fb55b-45bc-4274-bfe3-7e8520e71919}</UniqueIdentifier>
      <Extensions>cpp;c;cc;cxx;def;odl;idl;hpj;bat;asm;asmx</Extensions>
    </Filter>
    <Filter Include="Game Engine">
      <UniqueIdentifier>{4FC737F1-C7A5-4376-A066-2A32D752A2FF}</UniqueIdentifier>
      <Extensions>
      </Extensions>
    </Filter>
    <Filter Include="Game Engine\Source">
      <UniqueIdentifier>{98954f0f-5f0f-4539-9661-88ae87239c1b}</UniqueIdentifier>
      <Extensions>cpp;c;cc;cxx;def;odl;idl;hpj;bat;asm;asmx</Extensions>
    </Filter>
    <Filter Include="Game Engine\Headers">
      <UniqueIdentifier>{e2e723ae-95c1-49ad-9a6d-7916b97c368b}</UniqueIdentifier>
      <Extensions>h;hpp;hxx;hm;inl;inc;xsd</Extensions>
    </Filter>
    <Filter Include="DirectX 10 Wrapper\Shaders">
      <UniqueIdentifier>{75e2f8f1-8fde-4ea7-9589-a62a26507451}</UniqueIdentifier>
      <Extensions>hlsl;fx</Extensions>
    </Filter>
    <Filter Include="Resources">
      <UniqueIdentifier>{67DA6AB6-F800-4c08-8B7A-83BB121AAD01}</UniqueIdentifier>
      <Extensions>rc;ico;cur;bmp;dlg;rc2;rct;bin;rgs;gif;jpg;jpeg;jpe;resx;tiff;tif;png;wav</Extensions>
    </Filter>
  </ItemGroup>
  <ItemGroup>
    <ClCompile Include="DirectXManager.cpp">
      <Filter>DirectX 10 Wrapper\Source</Filter>
    </ClCompile>
    <ClCompile Include="Game.cpp">
      <Filter>Game Engine\Source</Filter>
    </ClCompile>
    <ClCompile Include="winMain.cpp">
      <Filter>Game Engine\Source</Filter>
    </ClCompile>
    <ClCompile Include="Mesh.cpp">
      <Filter>Game Engine\Source</Filter>
    </ClCompile>
    <ClCompile Include="Matrix.cpp">
      <Filter>Game Engine\Source</Filter>
    </ClCompile>
    <ClCompile Include="Vector3.cpp">
      <Filter>Game Engine\Source</Filter>
    </ClCompile>
    <ClCompile Include="Effect.cpp">
      <Filter>Game Engine\Source</Filter>
    </ClCompile>
    <ClCompile Include="EffectVariable.cpp">
      <Filter>Game Engine\Source</Filter>
    </ClCompile>
    <ClCompile Include="Vector4.cpp">
      <Filter>Game Engine\Source</Filter>
    </ClCompile>
  </ItemGroup>
  <ItemGroup>
    <ClInclude Include="DirectXManager.h">
      <Filter>DirectX 10 Wrapper\Headers</Filter>
    </ClInclude>
    <ClInclude Include="vertexTypes.h">
      <Filter>DirectX 10 Wrapper\Headers</Filter>
    </ClInclude>
    <ClInclude Include="Game.h">
      <Filter>Game Engine\Headers</Filter>
    </ClInclude>
    <ClInclude Include="Mesh.h">
      <Filter>Game Engine\Headers</Filter>
    </ClInclude>
    <ClInclude Include="Matrix.h">
      <Filter>Game Engine\Headers</Filter>
    </ClInclude>
    <ClInclude Include="Vector3.h">
      <Filter>Game Engine\Headers</Filter>
    </ClInclude>
    <ClInclude Include="Effect.h">
      <Filter>Game Engine\Headers</Filter>
    </ClInclude>
    <ClInclude Include="EffectVariable.h">
      <Filter>Game Engine\Headers</Filter>
    </ClInclude>
    <ClInclude Include="Vector4.h">
      <Filter>Game Engine\Headers</Filter>
    </ClInclude>
  </ItemGroup>
  <ItemGroup>
    <None Include="basicEffect.fx">
      <Filter>DirectX 10 Wrapper\Shaders</Filter>
    </None>
  </ItemGroup>
</Project>